{
  "name": "joitor",
  "version": "1.0.0",
  "lockfileVersion": 1,
  "requires": true,
  "dependencies": {
    "@hapi/address": {
      "version": "2.1.2",
      "resolved": "https://registry.npmjs.org/@hapi/address/-/address-2.1.2.tgz",
      "integrity": "sha512-O4QDrx+JoGKZc6aN64L04vqa7e41tIiLU+OvKdcYaEMP97UttL0f9GIi9/0A4WAMx0uBd6SidDIhktZhgOcN8Q==",
      "dev": true
    },
    "@hapi/formula": {
      "version": "1.2.0",
      "resolved": "https://registry.npmjs.org/@hapi/formula/-/formula-1.2.0.tgz",
      "integrity": "sha512-UFbtbGPjstz0eWHb+ga/GM3Z9EzqKXFWIbSOFURU0A/Gku0Bky4bCk9/h//K2Xr3IrCfjFNhMm4jyZ5dbCewGA==",
      "dev": true
    },
    "@hapi/hoek": {
      "version": "8.5.0",
      "resolved": "https://registry.npmjs.org/@hapi/hoek/-/hoek-8.5.0.tgz",
      "integrity": "sha512-7XYT10CZfPsH7j9F1Jmg1+d0ezOux2oM2GfArAzLwWe4mE2Dr3hVjsAL6+TFY49RRJlCdJDMw3nJsLFroTc8Kw==",
      "dev": true
    },
    "@hapi/joi": {
      "version": "16.1.7",
      "resolved": "https://registry.npmjs.org/@hapi/joi/-/joi-16.1.7.tgz",
      "integrity": "sha512-anaIgnZhNooG3LJLrTFzgGALTiO97zRA1UkvQHm9KxxoSiIzCozB3RCNCpDnfhTJD72QlrHA8nwGmNgpFFCIeg==",
      "dev": true,
      "requires": {
        "@hapi/address": "^2.1.2",
        "@hapi/formula": "^1.2.0",
        "@hapi/hoek": "^8.2.4",
        "@hapi/pinpoint": "^1.0.2",
        "@hapi/topo": "^3.1.3"
      }
    },
    "@hapi/pinpoint": {
      "version": "1.0.2",
      "resolved": "https://registry.npmjs.org/@hapi/pinpoint/-/pinpoint-1.0.2.tgz",
      "integrity": "sha512-dtXC/WkZBfC5vxscazuiJ6iq4j9oNx1SHknmIr8hofarpKUZKmlUVYVIhNVzIEgK5Wrc4GMHL5lZtt1uS2flmQ==",
      "dev": true
    },
    "@hapi/topo": {
      "version": "3.1.6",
      "resolved": "https://registry.npmjs.org/@hapi/topo/-/topo-3.1.6.tgz",
      "integrity": "sha512-tAag0jEcjwH+P2quUfipd7liWCNX2F8NvYjQp2wtInsZxnMlypdw0FtAOLxtvvkO+GSRRbmNi8m/5y42PQJYCQ==",
      "dev": true,
      "requires": {
        "@hapi/hoek": "^8.3.0"
      }
    }
  }
}
